
Microsoft Visual Studio Solution File, Format Version 12.00
# Visual Studio Version 17
VisualStudioVersion = 17.9.34622.214
MinimumVisualStudioVersion = 10.0.40219.1
Project("{8BC9CEB8-8B4A-11D0-8D11-00A0C91BC942}") = "GYAKV_3", "GYAKV_3\GYAKV_3.vcxproj", "{8DE1FBB3-8324-4FCA-8ABE-6272BE91412E}"
EndProject
Global
	GlobalSection(SolutionConfigurationPlatforms) = preSolution
		Debug|x64 = Debug|x64
		Debug|x86 = Debug|x86
		Release|x64 = Release|x64
		Release|x86 = Release|x86
	EndGlobalSection
	GlobalSection(ProjectConfigurationPlatforms) = postSolution
		{8DE1FBB3-8324-4FCA-8ABE-6272BE91412E}.Debug|x64.ActiveCfg = Debug|x64
		{8DE1FBB3-8324-4FCA-8ABE-6272BE91412E}.Debug|x64.Build.0 = Debug|x64
		{8DE1FBB3-8324-4FCA-8ABE-6272BE91412E}.Debug|x86.ActiveCfg = Debug|Win32
		{8DE1FBB3-8324-4FCA-8ABE-6272BE91412E}.Debug|x86.Build.0 = Debug|Win32
		{8DE1FBB3-8324-4FCA-8ABE-6272BE91412E}.Release|x64.ActiveCfg = Release|x64
		{8DE1FBB3-8324-4FCA-8ABE-6272BE91412E}.Release|x64.Build.0 = Release|x64
		{8DE1FBB3-8324-4FCA-8ABE-6272BE91412E}.Release|x86.ActiveCfg = Release|Win32
		{8DE1FBB3-8324-4FCA-8ABE-6272BE91412E}.Release|x86.Build.0 = Release|Win32
	EndGlobalSection
	GlobalSection(SolutionProperties) = preSolution
		HideSolutionNode = FALSE
	EndGlobalSection
	GlobalSection(ExtensibilityGlobals) = postSolution
		SolutionGuid = {95B04253-DF6D-43A9-A0A1-5C6DF7CCFECD}
	EndGlobalSection
EndGlobal
